
Microsoft Visual Studio Solution File, Format Version 12.00
# Visual Studio Version 16
VisualStudioVersion = 16.0.31005.135
MinimumVisualStudioVersion = 10.0.40219.1
Project("{FAE04EC0-301F-11D3-BF4B-00C04F79EFBC}") = "MyPortfolio", "MyPortfolio\MyPortfolio.csproj", "{4EE3CE40-ED54-47C5-8E6C-4BFBF475559A}"
EndProject
Global
	GlobalSection(SolutionConfigurationPlatforms) = preSolution
		Debug|Any CPU = Debug|Any CPU
		Release|Any CPU = Release|Any CPU
	EndGlobalSection
	GlobalSection(ProjectConfigurationPlatforms) = postSolution
		{4EE3CE40-ED54-47C5-8E6C-4BFBF475559A}.Debug|Any CPU.ActiveCfg = Debug|Any CPU
		{4EE3CE40-ED54-47C5-8E6C-4BFBF475559A}.Debug|Any CPU.Build.0 = Debug|Any CPU
		{4EE3CE40-ED54-47C5-8E6C-4BFBF475559A}.Release|Any CPU.ActiveCfg = Release|Any CPU
		{4EE3CE40-ED54-47C5-8E6C-4BFBF475559A}.Release|Any CPU.Build.0 = Release|Any CPU
	EndGlobalSection
	GlobalSection(SolutionProperties) = preSolution
		HideSolutionNode = FALSE
	EndGlobalSection
	GlobalSection(ExtensibilityGlobals) = postSolution
		SolutionGuid = {414B4423-F7A8-4409-B858-854C1A88CAAD}
	EndGlobalSection
EndGlobal
